
Microsoft Visual Studio Solution File, Format Version 12.00
# Visual Studio Version 17
VisualStudioVersion = 17.2.32516.85
MinimumVisualStudioVersion = 10.0.40219.1
Project("{FAE04EC0-301F-11D3-BF4B-00C04F79EFBC}") = "APITest_01", "APITest_01.csproj", "{DE6C7C40-36F4-401B-BB98-EBC4E734E45A}"
EndProject
Global
	GlobalSection(SolutionConfigurationPlatforms) = preSolution
		Debug|Any CPU = Debug|Any CPU
		Release|Any CPU = Release|Any CPU
	EndGlobalSection
	GlobalSection(ProjectConfigurationPlatforms) = postSolution
		{DE6C7C40-36F4-401B-BB98-EBC4E734E45A}.Debug|Any CPU.ActiveCfg = Debug|Any CPU
		{DE6C7C40-36F4-401B-BB98-EBC4E734E45A}.Debug|Any CPU.Build.0 = Debug|Any CPU
		{DE6C7C40-36F4-401B-BB98-EBC4E734E45A}.Release|Any CPU.ActiveCfg = Release|Any CPU
		{DE6C7C40-36F4-401B-BB98-EBC4E734E45A}.Release|Any CPU.Build.0 = Release|Any CPU
	EndGlobalSection
	GlobalSection(SolutionProperties) = preSolution
		HideSolutionNode = FALSE
	EndGlobalSection
	GlobalSection(ExtensibilityGlobals) = postSolution
		SolutionGuid = {2AA84A5B-09B2-4B88-A97A-450337B56986}
	EndGlobalSection
EndGlobal
